# This file is automatically @generated by Cargo.
# It is not intended for manual editing.
version = 4

[[package]]
name = "bray-base"
version = "0.0.0"

[[package]]
name = "bray-binder"
version = "0.0.0"

[[package]]
name = "bray-bound-tree"
version = "0.0.0"

[[package]]
name = "bray-checker"
version = "0.0.0"

[[package]]
name = "bray-codegen"
version = "0.0.0"

[[package]]
name = "bray-compilation"
version = "0.0.0"

[[package]]
name = "bray-declarations"
version = "0.0.0"

[[package]]
name = "bray-diagnostics"
version = "0.0.0"

[[package]]
name = "bray-driver"
version = "0.0.0"

[[package]]
name = "bray-emitter"
version = "0.0.0"

[[package]]
name = "bray-ir"
version = "0.0.0"

[[package]]
name = "bray-lowering"
version = "0.0.0"

[[package]]
name = "bray-parser"
version = "0.0.0"

[[package]]
name = "bray-source"
version = "0.0.0"

[[package]]
name = "bray-symbols"
version = "0.0.0"

[[package]]
name = "bray-syntax"
version = "0.0.0"

[[package]]
name = "bray-testing"
version = "0.0.0"

[[package]]
name = "brayc"
version = "0.0.0"
dependencies = [
 "bray-driver",
]

[[package]]
name = "xtask"
version = "0.1.0"
